
Microsoft Visual Studio Solution File, Format Version 12.00
# Visual Studio 15
VisualStudioVersion = 15.0.27004.2006
MinimumVisualStudioVersion = 10.0.40219.1
Project("{FAE04EC0-301F-11D3-BF4B-00C04F79EFBC}") = "AddressBook", "AddressBook\AddressBook.csproj", "{8E4E3F43-C40E-4A1D-A108-8C4E9389A9F1}"
EndProject
Project("{FAE04EC0-301F-11D3-BF4B-00C04F79EFBC}") = "AddressBookTest", "AddressBookTest\AddressBookTest.csproj", "{36705013-9392-4BB3-8801-83E6914113E9}"
EndProject
Project("{FAE04EC0-301F-11D3-BF4B-00C04F79EFBC}") = "AddressBookClient", "AddressBookClient\AddressBookClient.csproj", "{8C0039F7-3523-4C60-B0F6-DC427079AC80}"
EndProject
Project("{00D1A9C2-B5F0-4AF3-8072-F6C62B433612}") = "AddressBookDatabase", "AddressBookDatabase\AddressBookDatabase.sqlproj", "{2AB14EC5-DC8E-4AA8-B534-A31703E90E00}"
EndProject
Global
	GlobalSection(SolutionConfigurationPlatforms) = preSolution
		Debug|Any CPU = Debug|Any CPU
		Release|Any CPU = Release|Any CPU
	EndGlobalSection
	GlobalSection(ProjectConfigurationPlatforms) = postSolution
		{8E4E3F43-C40E-4A1D-A108-8C4E9389A9F1}.Debug|Any CPU.ActiveCfg = Debug|Any CPU
		{8E4E3F43-C40E-4A1D-A108-8C4E9389A9F1}.Debug|Any CPU.Build.0 = Debug|Any CPU
		{8E4E3F43-C40E-4A1D-A108-8C4E9389A9F1}.Release|Any CPU.ActiveCfg = Release|Any CPU
		{8E4E3F43-C40E-4A1D-A108-8C4E9389A9F1}.Release|Any CPU.Build.0 = Release|Any CPU
		{36705013-9392-4BB3-8801-83E6914113E9}.Debug|Any CPU.ActiveCfg = Debug|Any CPU
		{36705013-9392-4BB3-8801-83E6914113E9}.Debug|Any CPU.Build.0 = Debug|Any CPU
		{36705013-9392-4BB3-8801-83E6914113E9}.Release|Any CPU.ActiveCfg = Release|Any CPU
		{36705013-9392-4BB3-8801-83E6914113E9}.Release|Any CPU.Build.0 = Release|Any CPU
		{8C0039F7-3523-4C60-B0F6-DC427079AC80}.Debug|Any CPU.ActiveCfg = Debug|Any CPU
		{8C0039F7-3523-4C60-B0F6-DC427079AC80}.Debug|Any CPU.Build.0 = Debug|Any CPU
		{8C0039F7-3523-4C60-B0F6-DC427079AC80}.Release|Any CPU.ActiveCfg = Release|Any CPU
		{8C0039F7-3523-4C60-B0F6-DC427079AC80}.Release|Any CPU.Build.0 = Release|Any CPU
		{2AB14EC5-DC8E-4AA8-B534-A31703E90E00}.Debug|Any CPU.ActiveCfg = Debug|Any CPU
		{2AB14EC5-DC8E-4AA8-B534-A31703E90E00}.Debug|Any CPU.Build.0 = Debug|Any CPU
		{2AB14EC5-DC8E-4AA8-B534-A31703E90E00}.Debug|Any CPU.Deploy.0 = Debug|Any CPU
		{2AB14EC5-DC8E-4AA8-B534-A31703E90E00}.Release|Any CPU.ActiveCfg = Release|Any CPU
		{2AB14EC5-DC8E-4AA8-B534-A31703E90E00}.Release|Any CPU.Build.0 = Release|Any CPU
		{2AB14EC5-DC8E-4AA8-B534-A31703E90E00}.Release|Any CPU.Deploy.0 = Release|Any CPU
	EndGlobalSection
	GlobalSection(SolutionProperties) = preSolution
		HideSolutionNode = FALSE
	EndGlobalSection
	GlobalSection(ExtensibilityGlobals) = postSolution
		SolutionGuid = {4A4BC468-07D2-4C84-BBD4-3025F1A4591A}
	EndGlobalSection
EndGlobal
